
Microsoft Visual Studio Solution File, Format Version 12.00
# Visual Studio Version 17
VisualStudioVersion = 17.1.32210.238
MinimumVisualStudioVersion = 10.0.40219.1
Project("{9A19103F-16F7-4668-BE54-9A1E7A4F7556}") = "LearnMediator", "LearnMediator\LearnMediator.csproj", "{343CB8C5-4F3F-4ECA-AA54-CA22D586DCAF}"
EndProject
Project("{E53339B2-1760-4266-BCC7-CA923CBCF16C}") = "docker-compose", "docker-compose.dcproj", "{806065CA-DFF2-4533-9E2F-AE64CAC2EE90}"
EndProject
Global
	GlobalSection(SolutionConfigurationPlatforms) = preSolution
		Debug|Any CPU = Debug|Any CPU
		Release|Any CPU = Release|Any CPU
	EndGlobalSection
	GlobalSection(ProjectConfigurationPlatforms) = postSolution
		{343CB8C5-4F3F-4ECA-AA54-CA22D586DCAF}.Debug|Any CPU.ActiveCfg = Debug|Any CPU
		{343CB8C5-4F3F-4ECA-AA54-CA22D586DCAF}.Debug|Any CPU.Build.0 = Debug|Any CPU
		{343CB8C5-4F3F-4ECA-AA54-CA22D586DCAF}.Release|Any CPU.ActiveCfg = Release|Any CPU
		{343CB8C5-4F3F-4ECA-AA54-CA22D586DCAF}.Release|Any CPU.Build.0 = Release|Any CPU
		{806065CA-DFF2-4533-9E2F-AE64CAC2EE90}.Debug|Any CPU.ActiveCfg = Debug|Any CPU
		{806065CA-DFF2-4533-9E2F-AE64CAC2EE90}.Debug|Any CPU.Build.0 = Debug|Any CPU
		{806065CA-DFF2-4533-9E2F-AE64CAC2EE90}.Release|Any CPU.ActiveCfg = Release|Any CPU
		{806065CA-DFF2-4533-9E2F-AE64CAC2EE90}.Release|Any CPU.Build.0 = Release|Any CPU
	EndGlobalSection
	GlobalSection(SolutionProperties) = preSolution
		HideSolutionNode = FALSE
	EndGlobalSection
	GlobalSection(ExtensibilityGlobals) = postSolution
		SolutionGuid = {F55EB4EE-3296-44EA-8D6C-8C53E2C162DC}
	EndGlobalSection
EndGlobal
